
Microsoft Visual Studio Solution File, Format Version 12.00
# Visual Studio 15
VisualStudioVersion = 15.0.28010.2016
MinimumVisualStudioVersion = 10.0.40219.1
Project("{FAE04EC0-301F-11D3-BF4B-00C04F79EFBC}") = "PongClient", "PingPong\PongClient.csproj", "{E72255EC-22B0-4B5D-9C5A-3A4075AFB496}"
EndProject
Project("{FAE04EC0-301F-11D3-BF4B-00C04F79EFBC}") = "ConsoleApp1", "ConsoleApp1\ConsoleApp1.csproj", "{28A511A9-2F03-4179-B12D-F0A450438F9E}"
EndProject
Global
	GlobalSection(SolutionConfigurationPlatforms) = preSolution
		Debug|Any CPU = Debug|Any CPU
		Debug|x86 = Debug|x86
		Release|Any CPU = Release|Any CPU
		Release|x86 = Release|x86
	EndGlobalSection
	GlobalSection(ProjectConfigurationPlatforms) = postSolution
		{E72255EC-22B0-4B5D-9C5A-3A4075AFB496}.Debug|Any CPU.ActiveCfg = Debug|x86
		{E72255EC-22B0-4B5D-9C5A-3A4075AFB496}.Debug|x86.ActiveCfg = Debug|x86
		{E72255EC-22B0-4B5D-9C5A-3A4075AFB496}.Debug|x86.Build.0 = Debug|x86
		{E72255EC-22B0-4B5D-9C5A-3A4075AFB496}.Release|Any CPU.ActiveCfg = Release|x86
		{E72255EC-22B0-4B5D-9C5A-3A4075AFB496}.Release|x86.ActiveCfg = Release|x86
		{E72255EC-22B0-4B5D-9C5A-3A4075AFB496}.Release|x86.Build.0 = Release|x86
		{28A511A9-2F03-4179-B12D-F0A450438F9E}.Debug|Any CPU.ActiveCfg = Debug|Any CPU
		{28A511A9-2F03-4179-B12D-F0A450438F9E}.Debug|Any CPU.Build.0 = Debug|Any CPU
		{28A511A9-2F03-4179-B12D-F0A450438F9E}.Debug|x86.ActiveCfg = Debug|Any CPU
		{28A511A9-2F03-4179-B12D-F0A450438F9E}.Debug|x86.Build.0 = Debug|Any CPU
		{28A511A9-2F03-4179-B12D-F0A450438F9E}.Release|Any CPU.ActiveCfg = Release|Any CPU
		{28A511A9-2F03-4179-B12D-F0A450438F9E}.Release|Any CPU.Build.0 = Release|Any CPU
		{28A511A9-2F03-4179-B12D-F0A450438F9E}.Release|x86.ActiveCfg = Release|Any CPU
		{28A511A9-2F03-4179-B12D-F0A450438F9E}.Release|x86.Build.0 = Release|Any CPU
	EndGlobalSection
	GlobalSection(SolutionProperties) = preSolution
		HideSolutionNode = FALSE
	EndGlobalSection
	GlobalSection(ExtensibilityGlobals) = postSolution
		SolutionGuid = {9BFBBA3E-B831-4C7D-ABA5-33625D8DB2D0}
	EndGlobalSection
EndGlobal
